// !$*UTF8*$!
{
	archiveVersion = 1;
	classes = {
	};
	objectVersion = 56;
	objects = {

/* Begin PBXBuildFile section */
		B10000011F2A3B4C5D6E7F8A /* MengguiDormApp.swift in Sources */ = {isa = PBXBuildFile; fileRef = B10000001F2A3B4C5D6E7F89 /* MengguiDormApp.swift */; };
		B10000031F2A3B4C5D6E7F8C /* GameModels.swift in Sources */ = {isa = PBXBuildFile; fileRef = B10000021F2A3B4C5D6E7F8B /* GameModels.swift */; };
		B10000051F2A3B4C5D6E7F8E /* GameEngine.swift in Sources */ = {isa = PBXBuildFile; fileRef = B10000041F2A3B4C5D6E7F8D /* GameEngine.swift */; };
		B10000071F2A3B4C5D6E7F90 /* LobbyView.swift in Sources */ = {isa = PBXBuildFile; fileRef = B10000061F2A3B4C5D6E7F8F /* LobbyView.swift */; };
		B10000091F2A3B4C5D6E7F92 /* GameRoomView.swift in Sources */ = {isa = PBXBuildFile; fileRef = B10000081F2A3B4C5D6E7F91 /* GameRoomView.swift */; };
		B100000B1F2A3B4C5D6E7F94 /* ShopPanelView.swift in Sources */ = {isa = PBXBuildFile; fileRef = B100000A1F2A3B4C5D6E7F93 /* ShopPanelView.swift */; };
		B100000D1F2A3B4C5D6E7F96 /* GameOverView.swift in Sources */ = {isa = PBXBuildFile; fileRef = B100000C1F2A3B4C5D6E7F95 /* GameOverView.swift */; };
		B10000131F2A3B4C5D6E7F9C /* Assets.xcassets in Resources */ = {isa = PBXBuildFile; fileRef = B10000121F2A3B4C5D6E7F9B /* Assets.xcassets */; };
/* End PBXBuildFile section */

/* Begin PBXFileReference section */
		B0FFFFFF1F2A3B4C5D6E7F00 /* MengguiDorm.app */ = {isa = PBXFileReference; explicitFileType = wrapper.application; includeInIndex = 0; path = MengguiDorm.app; sourceTree = BUILT_PRODUCTS_DIR; };
		B10000001F2A3B4C5D6E7F89 /* MengguiDormApp.swift */ = {isa = PBXFileReference; lastKnownFileType = sourcecode.swift; path = MengguiDormApp.swift; sourceTree = "<group>"; };
		B10000021F2A3B4C5D6E7F8B /* GameModels.swift */ = {isa = PBXFileReference; lastKnownFileType = sourcecode.swift; path = GameModels.swift; sourceTree = "<group>"; };
		B10000041F2A3B4C5D6E7F8D /* GameEngine.swift */ = {isa = PBXFileReference; lastKnownFileType = sourcecode.swift; path = GameEngine.swift; sourceTree = "<group>"; };
		B10000061F2A3B4C5D6E7F8F /* LobbyView.swift */ = {isa = PBXFileReference; lastKnownFileType = sourcecode.swift; path = LobbyView.swift; sourceTree = "<group>"; };
		B10000081F2A3B4C5D6E7F91 /* GameRoomView.swift */ = {isa = PBXFileReference; lastKnownFileType = sourcecode.swift; path = GameRoomView.swift; sourceTree = "<group>"; };
		B100000A1F2A3B4C5D6E7F93 /* ShopPanelView.swift */ = {isa = PBXFileReference; lastKnownFileType = sourcecode.swift; path = ShopPanelView.swift; sourceTree = "<group>"; };
		B100000C1F2A3B4C5D6E7F95 /* GameOverView.swift */ = {isa = PBXFileReference; lastKnownFileType = sourcecode.swift; path = GameOverView.swift; sourceTree = "<group>"; };
		B10000121F2A3B4C5D6E7F9B /* Assets.xcassets */ = {isa = PBXFileReference; lastKnownFileType = folder.assetcatalog; path = Assets.xcassets; sourceTree = "<group>"; };
/* End PBXFileReference section */

/* Begin PBXFrameworksBuildPhase section */
		B0FFFFFB1F2A3B4C5D6E7F01 /* Frameworks */ = {
			isa = PBXFrameworksBuildPhase;
			buildActionMask = 2147483647;
			files = (
			);
			runOnlyForDeploymentPostprocessing = 0;
		};
/* End PBXFrameworksBuildPhase section */

/* Begin PBXGroup section */
		B0FFFFF11F2A3B4C5D6E7F02 = {
			isa = PBXGroup;
			children = (
				B100000E1F2A3B4C5D6E7F97 /* MengguiDorm */,
				B0FFFFF21F2A3B4C5D6E7F03 /* Products */,
			);
			sourceTree = "<group>";
		};
		B0FFFFF21F2A3B4C5D6E7F03 /* Products */ = {
			isa = PBXGroup;
			children = (
				B0FFFFFF1F2A3B4C5D6E7F00 /* MengguiDorm.app */,
			);
			name = Products;
			sourceTree = "<group>";
		};
		B100000E1F2A3B4C5D6E7F97 /* MengguiDorm */ = {
			isa = PBXGroup;
			children = (
				B10000001F2A3B4C5D6E7F89 /* MengguiDormApp.swift */,
				B100000F1F2A3B4C5D6E7F98 /* Models */,
				B10000101F2A3B4C5D6E7F99 /* Views */,
				B10000111F2A3B4C5D6E7F9A /* Resources */,
			);
			path = MengguiDorm;
			sourceTree = "<group>";
		};
		B100000F1F2A3B4C5D6E7F98 /* Models */ = {
			isa = PBXGroup;
			children = (
				B10000021F2A3B4C5D6E7F8B /* GameModels.swift */,
				B10000041F2A3B4C5D6E7F8D /* GameEngine.swift */,
			);
			path = Models;
			sourceTree = "<group>";
		};
		B10000101F2A3B4C5D6E7F99 /* Views */ = {
			isa = PBXGroup;
			children = (
				B10000061F2A3B4C5D6E7F8F /* LobbyView.swift */,
				B10000081F2A3B4C5D6E7F91 /* GameRoomView.swift */,
				B100000A1F2A3B4C5D6E7F93 /* ShopPanelView.swift */,
				B100000C1F2A3B4C5D6E7F95 /* GameOverView.swift */,
			);
			path = Views;
			sourceTree = "<group>";
		};
		B10000111F2A3B4C5D6E7F9A /* Resources */ = {
			isa = PBXGroup;
			children = (
				B10000121F2A3B4C5D6E7F9B /* Assets.xcassets */,
			);
			path = Resources;
			sourceTree = "<group>";
		};
/* End PBXGroup section */

/* Begin PBXNativeTarget section */
		B0FFFFFE1F2A3B4C5D6E7F04 /* MengguiDorm */ = {
			isa = PBXNativeTarget;
			buildConfigurationList = B10000151F2A3B4C5D6E7F9E /* Build configuration list for PBXNativeTarget "MengguiDorm" */;
			buildPhases = (
				B0FFFFFA1F2A3B4C5D6E7F05 /* Sources */,
				B0FFFFFB1F2A3B4C5D6E7F01 /* Frameworks */,
				B0FFFFFC1F2A3B4C5D6E7F06 /* Resources */,
			);
			buildRules = (
			);
			dependencies = (
			);
			name = MengguiDorm;
			productName = MengguiDorm;
			productReference = B0FFFFFF1F2A3B4C5D6E7F00 /* MengguiDorm.app */;
			productType = "com.apple.product-type.application";
		};
/* End PBXNativeTarget section */

/* Begin PBXProject section */
		B0FFFFF31F2A3B4C5D6E7F07 /* Project object */ = {
			isa = PBXProject;
			attributes = {
				BuildIndependentTargetsInParallel = 1;
				LastSwiftUpdateCheck = 1500;
				LastUpgradeCheck = 1500;
				TargetAttributes = {
					B0FFFFFE1F2A3B4C5D6E7F04 = {
						CreatedOnToolsVersion = 15.0;
					};
				};
			};
			buildConfigurationList = B0FFFFF41F2A3B4C5D6E7F08 /* Build configuration list for PBXProject "MengguiDorm" */;
			compatibilityVersion = "Xcode 14.0";
			developmentRegion = en;
			hasScannedForEncodings = 0;
			knownRegions = (
				en,
				Base,
			);
			mainGroup = B0FFFFF11F2A3B4C5D6E7F02;
			productRefGroup = B0FFFFF21F2A3B4C5D6E7F03 /* Products */;
			projectDirPath = "";
			projectRoot = "";
			targets = (
				B0FFFFFE1F2A3B4C5D6E7F04 /* MengguiDorm */,
			);
		};
/* End PBXProject section */

/* Begin PBXResourcesBuildPhase section */
		B0FFFFFC1F2A3B4C5D6E7F06 /* Resources */ = {
			isa = PBXResourcesBuildPhase;
			buildActionMask = 2147483647;
			files = (
				B10000131F2A3B4C5D6E7F9C /* Assets.xcassets in Resources */,
			);
			runOnlyForDeploymentPostprocessing = 0;
		};
/* End PBXResourcesBuildPhase section */

/* Begin PBXSourcesBuildPhase section */
		B0FFFFFA1F2A3B4C5D6E7F05 /* Sources */ = {
			isa = PBXSourcesBuildPhase;
			buildActionMask = 2147483647;
			files = (
				B10000011F2A3B4C5D6E7F8A /* MengguiDormApp.swift in Sources */,
				B10000031F2A3B4C5D6E7F8C /* GameModels.swift in Sources */,
				B10000051F2A3B4C5D6E7F8E /* GameEngine.swift in Sources */,
				B10000071F2A3B4C5D6E7F90 /* LobbyView.swift in Sources */,
				B10000091F2A3B4C5D6E7F92 /* GameRoomView.swift in Sources */,
				B100000B1F2A3B4C5D6E7F94 /* ShopPanelView.swift in Sources */,
				B100000D1F2A3B4C5D6E7F96 /* GameOverView.swift in Sources */,
			);
			runOnlyForDeploymentPostprocessing = 0;
		};
/* End PBXSourcesBuildPhase section */

/* Begin XCBuildConfiguration section */
		B10000131F2A3B4C5D6E7F9D /* Debug */ = {
			isa = XCBuildConfiguration;
			buildSettings = {
				ALWAYS_SEARCH_USER_PATHS = NO;
				ASSETCATALOG_COMPILER_GENERATE_SWIFT_ASSET_SYMBOL_EXTENSIONS = YES;
				CLANG_ANALYZER_NONNULL = YES;
				CLANG_ANALYZER_NUMBER_OBJECT_CONVERSION = YES_AGGRESSIVE;
				CLANG_CXX_LANGUAGE_STANDARD = "gnu++20";
				CLANG_ENABLE_MODULES = YES;
				CLANG_ENABLE_OBJC_ARC = YES;
				CLANG_ENABLE_OBJC_WEAK = YES;
				CLANG_WARN_BLOCK_CAPTURE_AUTORELEASING = YES;
				CLANG_WARN_BOOL_CONVERSION = YES;
				CLANG_WARN_COMMA = YES;
				CLANG_WARN_CONSTANT_CONVERSION = YES;
				CLANG_WARN_DEPRECATED_OBJC_IMPLEMENTATIONS = YES;
				CLANG_WARN_DIRECT_OBJC_ISA_USAGE = YES_ERROR;
				CLANG_WARN_DOCUMENTATION_COMMENTS = YES;
				CLANG_WARN_EMPTY_BODY = YES;
				CLANG_WARN_ENUM_CONVERSION = YES;
				CLANG_WARN_INFINITE_RECURSION = YES;
				CLANG_WARN_INT_CONVERSION = YES;
				CLANG_WARN_NON_LITERAL_NULL_CONVERSION = YES;
				CLANG_WARN_OBJC_IMPLICIT_RETAIN_SELF = YES;
				CLANG_WARN_OBJC_LITERAL_CONVERSION = YES;
				CLANG_WARN_OBJC_ROOT_CLASS = YES_ERROR;
				CLANG_WARN_QUOTED_INCLUDE_IN_FRAMEWORK_HEADER = YES;
				CLANG_WARN_RANGE_LOOP_ANALYSIS = YES;
				CLANG_WARN_STRICT_PROTOTYPES = YES;
				CLANG_WARN_SUSPICIOUS_MOVE = YES;
				CLANG_WARN_UNGUARDED_AVAILABILITY = YES_AGGRESSIVE;
				CLANG_WARN_UNREACHABLE_CODE = YES;
				CLANG_WARN__DUPLICATE_METHOD_MATCH = YES;
				COPY_PHASE_STRIP = NO;
				DEBUG_INFORMATION_FORMAT = dwarf;
				ENABLE_STRICT_OBJC_MSGSEND = YES;
				ENABLE_TESTABILITY = YES;
				ENABLE_USER_SCRIPT_SANDBOXING = NO;
				GCC_C_LANGUAGE_STANDARD = gnu17;
				GCC_DYNAMIC_NO_PIC = NO;
				GCC_NO_COMMON_BLOCKS = YES;
				GCC_OPTIMIZATION_LEVEL = 0;
				GCC_PREPROCESSOR_DEFINITIONS = (
					"DEBUG=1",
					"$(inherited)",
				);
				GCC_WARN_64_TO_32_BIT_CONVERSION = YES;
				GCC_WARN_ABOUT_RETURN_TYPE = YES_ERROR;
				GCC_WARN_UNDECLARED_SELECTOR = YES;
				GCC_WARN_UNINITIALIZED_AUTOS = YES_AGGRESSIVE;
				GCC_WARN_UNUSED_FUNCTION = YES;
				GCC_WARN_UNUSED_VARIABLE = YES;
				IPHONEOS_DEPLOYMENT_TARGET = 16.0;
				LOCALIZATION_PREFERS_STRING_CATALOGS = YES;
				MTL_ENABLE_DEBUG_INFO = INCLUDE_SOURCE;
				MTL_FAST_MATH = YES;
				ONLY_ACTIVE_ARCH = YES;
				SDKROOT = iphoneos;
				SWIFT_ACTIVE_COMPILATION_CONDITIONS = "DEBUG $(inherited)";
				SWIFT_OPTIMIZATION_LEVEL = "-Onone";
			};
			name = Debug;
		};
		B10000141F2A3B4C5D6E7F9E /* Release */ = {
			isa = XCBuildConfiguration;
			buildSettings = {
				ALWAYS_SEARCH_USER_PATHS = NO;
				ASSETCATALOG_COMPILER_GENERATE_SWIFT_ASSET_SYMBOL_EXTENSIONS = YES;
				CLANG_ANALYZER_NONNULL = YES;
				CLANG_ANALYZER_NUMBER_OBJECT_CONVERSION = YES_AGGRESSIVE;
				CLANG_CXX_LANGUAGE_STANDARD = "gnu++20";
				CLANG_ENABLE_MODULES = YES;
				CLANG_ENABLE_OBJC_ARC = YES;
				CLANG_ENABLE_OBJC_WEAK = YES;
				CLANG_WARN_BLOCK_CAPTURE_AUTORELEASING = YES;
				CLANG_WARN_BOOL_CONVERSION = YES;
				CLANG_WARN_COMMA = YES;
				CLANG_WARN_CONSTANT_CONVERSION = YES;
				CLANG_WARN_DEPRECATED_OBJC_IMPLEMENTATIONS = YES;
				CLANG_WARN_DIRECT_OBJC_ISA_USAGE = YES_ERROR;
				CLANG_WARN_DOCUMENTATION_COMMENTS = YES;
				CLANG_WARN_EMPTY_BODY = YES;
				CLANG_WARN_ENUM_CONVERSION = YES;
				CLANG_WARN_INFINITE_RECURSION = YES;
				CLANG_WARN_INT_CONVERSION = YES;
				CLANG_WARN_NON_LITERAL_NULL_CONVERSION = YES;
				CLANG_WARN_OBJC_IMPLICIT_RETAIN_SELF = YES;
				CLANG_WARN_OBJC_LITERAL_CONVERSION = YES;
				CLANG_WARN_OBJC_ROOT_CLASS = YES_ERROR;
				CLANG_WARN_QUOTED_INCLUDE_IN_FRAMEWORK_HEADER = YES;
				CLANG_WARN_RANGE_LOOP_ANALYSIS = YES;
				CLANG_WARN_STRICT_PROTOTYPES = YES;
				CLANG_WARN_SUSPICIOUS_MOVE = YES;
				CLANG_WARN_UNGUARDED_AVAILABILITY = YES_AGGRESSIVE;
				CLANG_WARN_UNREACHABLE_CODE = YES;
				CLANG_WARN__DUPLICATE_METHOD_MATCH = YES;
				COPY_PHASE_STRIP = NO;
				DEBUG_INFORMATION_FORMAT = "dwarf-with-dsym";
				ENABLE_NS_ASSERTIONS = NO;
				ENABLE_STRICT_OBJC_MSGSEND = YES;
				ENABLE_USER_SCRIPT_SANDBOXING = NO;
				GCC_C_LANGUAGE_STANDARD = gnu17;
				GCC_NO_COMMON_BLOCKS = YES;
				GCC_WARN_64_TO_32_BIT_CONVERSION = YES;
				GCC_WARN_ABOUT_RETURN_TYPE = YES_ERROR;
				GCC_WARN_UNDECLARED_SELECTOR = YES;
				GCC_WARN_UNINITIALIZED_AUTOS = YES_AGGRESSIVE;
				GCC_WARN_UNUSED_FUNCTION = YES;
				GCC_WARN_UNUSED_VARIABLE = YES;
				IPHONEOS_DEPLOYMENT_TARGET = 16.0;
				LOCALIZATION_PREFERS_STRING_CATALOGS = YES;
				MTL_ENABLE_DEBUG_INFO = NO;
				MTL_FAST_MATH = YES;
				SDKROOT = iphoneos;
				SWIFT_COMPILATION_MODE = wholemodule;
				VALIDATE_PRODUCT = YES;
			};
			name = Release;
		};
		B10000161F2A3B4C5D6E7F9F /* Debug */ = {
			isa = XCBuildConfiguration;
			buildSettings = {
				ASSETCATALOG_COMPILER_APPICON_NAME = AppIcon;
				ASSETCATALOG_COMPILER_GLOBAL_ACCENT_COLOR_NAME = AccentColor;
				CODE_SIGN_STYLE = Automatic;
				CURRENT_PROJECT_VERSION = 1;
				DEVELOPMENT_ASSET_PATHS = "";
				ENABLE_PREVIEWS = YES;
				GENERATE_INFOPLIST_FILE = YES;
				INFOPLIST_KEY_UIApplicationSceneManifest_Generation = YES;
				INFOPLIST_KEY_UIApplicationSupportsIndirectInputEvents = YES;
				INFOPLIST_KEY_UILaunchScreen_Generation = YES;
				INFOPLIST_KEY_UISupportedInterfaceOrientations_iPad = "UIInterfaceOrientationPortrait UIInterfaceOrientationPortraitUpsideDown UIInterfaceOrientationLandscapeLeft UIInterfaceOrientationLandscapeRight";
				INFOPLIST_KEY_UISupportedInterfaceOrientations_iPhone = "UIInterfaceOrientationPortrait UIInterfaceOrientationLandscapeLeft UIInterfaceOrientationLandscapeRight";
				IPHONEOS_DEPLOYMENT_TARGET = 16.0;
				LD_RUNPATH_SEARCH_PATHS = (
					"$(inherited)",
					"@executable_path/Frameworks",
				);
				MARKETING_VERSION = 1.0;
				PRODUCT_BUNDLE_IDENTIFIER = com.example.MengguiDorm;
				PRODUCT_NAME = "$(TARGET_NAME)";
				SWIFT_EMIT_LOC_STRINGS = YES;
				SWIFT_VERSION = 5.0;
				TARGETED_DEVICE_FAMILY = "1,2";
			};
			name = Debug;
		};
		B10000171F2A3B4C5D6E7FA0 /* Release */ = {
			isa = XCBuildConfiguration;
			buildSettings = {
				ASSETCATALOG_COMPILER_APPICON_NAME = AppIcon;
				ASSETCATALOG_COMPILER_GLOBAL_ACCENT_COLOR_NAME = AccentColor;
				CODE_SIGN_STYLE = Automatic;
				CURRENT_PROJECT_VERSION = 1;
				DEVELOPMENT_ASSET_PATHS = "";
				ENABLE_PREVIEWS = YES;
				GENERATE_INFOPLIST_FILE = YES;
				INFOPLIST_KEY_UIApplicationSceneManifest_Generation = YES;
				INFOPLIST_KEY_UIApplicationSupportsIndirectInputEvents = YES;
				INFOPLIST_KEY_UILaunchScreen_Generation = YES;
				INFOPLIST_KEY_UISupportedInterfaceOrientations_iPad = "UIInterfaceOrientationPortrait UIInterfaceOrientationPortraitUpsideDown UIInterfaceOrientationLandscapeLeft UIInterfaceOrientationLandscapeRight";
				INFOPLIST_KEY_UISupportedInterfaceOrientations_iPhone = "UIInterfaceOrientationPortrait UIInterfaceOrientationLandscapeLeft UIInterfaceOrientationLandscapeRight";
				IPHONEOS_DEPLOYMENT_TARGET = 16.0;
				LD_RUNPATH_SEARCH_PATHS = (
					"$(inherited)",
					"@executable_path/Frameworks",
				);
				MARKETING_VERSION = 1.0;
				PRODUCT_BUNDLE_IDENTIFIER = com.example.MengguiDorm;
				PRODUCT_NAME = "$(TARGET_NAME)";
				SWIFT_EMIT_LOC_STRINGS = YES;
				SWIFT_VERSION = 5.0;
				TARGETED_DEVICE_FAMILY = "1,2";
			};
			name = Release;
		};
/* End XCBuildConfiguration section */

/* Begin XCConfigurationList section */
		B0FFFFF41F2A3B4C5D6E7F08 /* Build configuration list for PBXProject "MengguiDorm" */ = {
			isa = XCConfigurationList;
			buildConfigurations = (
				B10000131F2A3B4C5D6E7F9D /* Debug */,
				B10000141F2A3B4C5D6E7F9E /* Release */,
			);
			defaultConfigurationIsVisible = 0;
			defaultConfigurationName = Release;
		};
		B10000151F2A3B4C5D6E7F9E /* Build configuration list for PBXNativeTarget "MengguiDorm" */ = {
			isa = XCConfigurationList;
			buildConfigurations = (
				B10000161F2A3B4C5D6E7F9F /* Debug */,
				B10000171F2A3B4C5D6E7FA0 /* Release */,
			);
			defaultConfigurationIsVisible = 0;
			defaultConfigurationName = Release;
		};
/* End XCConfigurationList section */
	};
	rootObject = B0FFFFF31F2A3B4C5D6E7F07 /* Project object */;
}
